{
  "name": "ew-rm-cookies",
  "version": "0.0.1",
  "lockfileVersion": 3,
  "requires": true,
  "packages": {
    "": {
      "name": "ew-rm-cookies",
      "version": "0.0.1",
      "license": "ISC",
      "dependencies": {
        "@types/akamai-edgeworkers": "^1.1.17"
      },
      "devDependencies": {
        "typescript": "^5.6.3"
      }
    },
    "node_modules/@types/akamai-edgeworkers": {
      "version": "1.1.17",
      "resolved": "https://registry.npmjs.org/@types/akamai-edgeworkers/-/akamai-edgeworkers-1.1.17.tgz",
      "integrity": "sha512-A/jDuZqsaOde66cwRwUG3IxhsuljpwYkXmhq+TAYYgXP8HEAFTCHNdcArJ/slHHC2iklbYxRhSFp1BIG+8aklw==",
      "license": "MIT"
    },
    "node_modules/typescript": {
      "version": "5.6.3",
      "resolved": "https://registry.npmjs.org/typescript/-/typescript-5.6.3.tgz",
      "integrity": "sha512-hjcS1mhfuyi4WW8IWtjP7brDrG2cuDZukyrYrSauoXGNgx0S7zceP07adYkJycEr56BOUTNPzbInooiN3fn1qw==",
      "dev": true,
      "license": "Apache-2.0",
      "bin": {
        "tsc": "bin/tsc",
        "tsserver": "bin/tsserver"
      },
      "engines": {
        "node": ">=14.17"
      }
    }
  }
}
